
Microsoft Visual Studio Solution File, Format Version 12.00
# Visual Studio Version 17
VisualStudioVersion = 17.11.35312.102
MinimumVisualStudioVersion = 10.0.40219.1
Project("{FAE04EC0-301F-11D3-BF4B-00C04F79EFBC}") = "TCPObli1JsonServer", "TCPObli1Json\TCPObli1JsonServer.csproj", "{CF7C4984-AE2C-4244-842A-33EDCD77EA9C}"
EndProject
Project("{FAE04EC0-301F-11D3-BF4B-00C04F79EFBC}") = "TCPObli1JsonClient", "TCPObli1JsonClient\TCPObli1JsonClient.csproj", "{5A81FAAE-023B-40F6-A8DC-8104FB64556D}"
EndProject
Global
	GlobalSection(SolutionConfigurationPlatforms) = preSolution
		Debug|Any CPU = Debug|Any CPU
		Release|Any CPU = Release|Any CPU
	EndGlobalSection
	GlobalSection(ProjectConfigurationPlatforms) = postSolution
		{CF7C4984-AE2C-4244-842A-33EDCD77EA9C}.Debug|Any CPU.ActiveCfg = Debug|Any CPU
		{CF7C4984-AE2C-4244-842A-33EDCD77EA9C}.Debug|Any CPU.Build.0 = Debug|Any CPU
		{CF7C4984-AE2C-4244-842A-33EDCD77EA9C}.Release|Any CPU.ActiveCfg = Release|Any CPU
		{CF7C4984-AE2C-4244-842A-33EDCD77EA9C}.Release|Any CPU.Build.0 = Release|Any CPU
		{5A81FAAE-023B-40F6-A8DC-8104FB64556D}.Debug|Any CPU.ActiveCfg = Debug|Any CPU
		{5A81FAAE-023B-40F6-A8DC-8104FB64556D}.Debug|Any CPU.Build.0 = Debug|Any CPU
		{5A81FAAE-023B-40F6-A8DC-8104FB64556D}.Release|Any CPU.ActiveCfg = Release|Any CPU
		{5A81FAAE-023B-40F6-A8DC-8104FB64556D}.Release|Any CPU.Build.0 = Release|Any CPU
	EndGlobalSection
	GlobalSection(SolutionProperties) = preSolution
		HideSolutionNode = FALSE
	EndGlobalSection
	GlobalSection(ExtensibilityGlobals) = postSolution
		SolutionGuid = {D6EE04C8-E326-4CFE-A25A-5020FB1507F3}
	EndGlobalSection
EndGlobal
